
Microsoft Visual Studio Solution File, Format Version 12.00
# Visual Studio Version 17
VisualStudioVersion = 17.10.35013.160
MinimumVisualStudioVersion = 10.0.40219.1
Project("{FAE04EC0-301F-11D3-BF4B-00C04F79EFBC}") = "MarketPlaceBot.Bot", "MarketPlaceBot.Bot\MarketPlaceBot.Bot.csproj", "{183F0D7B-D8CA-41F8-8D7C-7BA34D219B59}"
EndProject
Project("{FAE04EC0-301F-11D3-BF4B-00C04F79EFBC}") = "MarketPlaceBot.DAL", "MarketPlaceBot.DAL\MarketPlaceBot.DAL.csproj", "{2173AA2F-B021-4A01-8B1B-8CC75CE6D4C4}"
EndProject
Project("{FAE04EC0-301F-11D3-BF4B-00C04F79EFBC}") = "MarketPlaceBot.BLL", "MarketPlaceBot.BLL\MarketPlaceBot.BLL.csproj", "{288BB92D-17CE-4E7D-A49D-70EDF9CEBB04}"
EndProject
Project("{FAE04EC0-301F-11D3-BF4B-00C04F79EFBC}") = "MarketPlaceBot.Core", "MarketPlaceBot.Core\MarketPlaceBot.Core.csproj", "{39758DB4-7BCB-4692-B0AF-D7516983524E}"
EndProject
Global
	GlobalSection(SolutionConfigurationPlatforms) = preSolution
		Debug|Any CPU = Debug|Any CPU
		Release|Any CPU = Release|Any CPU
	EndGlobalSection
	GlobalSection(ProjectConfigurationPlatforms) = postSolution
		{183F0D7B-D8CA-41F8-8D7C-7BA34D219B59}.Debug|Any CPU.ActiveCfg = Debug|Any CPU
		{183F0D7B-D8CA-41F8-8D7C-7BA34D219B59}.Debug|Any CPU.Build.0 = Debug|Any CPU
		{183F0D7B-D8CA-41F8-8D7C-7BA34D219B59}.Release|Any CPU.ActiveCfg = Release|Any CPU
		{183F0D7B-D8CA-41F8-8D7C-7BA34D219B59}.Release|Any CPU.Build.0 = Release|Any CPU
		{2173AA2F-B021-4A01-8B1B-8CC75CE6D4C4}.Debug|Any CPU.ActiveCfg = Debug|Any CPU
		{2173AA2F-B021-4A01-8B1B-8CC75CE6D4C4}.Debug|Any CPU.Build.0 = Debug|Any CPU
		{2173AA2F-B021-4A01-8B1B-8CC75CE6D4C4}.Release|Any CPU.ActiveCfg = Release|Any CPU
		{2173AA2F-B021-4A01-8B1B-8CC75CE6D4C4}.Release|Any CPU.Build.0 = Release|Any CPU
		{288BB92D-17CE-4E7D-A49D-70EDF9CEBB04}.Debug|Any CPU.ActiveCfg = Debug|Any CPU
		{288BB92D-17CE-4E7D-A49D-70EDF9CEBB04}.Debug|Any CPU.Build.0 = Debug|Any CPU
		{288BB92D-17CE-4E7D-A49D-70EDF9CEBB04}.Release|Any CPU.ActiveCfg = Release|Any CPU
		{288BB92D-17CE-4E7D-A49D-70EDF9CEBB04}.Release|Any CPU.Build.0 = Release|Any CPU
		{39758DB4-7BCB-4692-B0AF-D7516983524E}.Debug|Any CPU.ActiveCfg = Debug|Any CPU
		{39758DB4-7BCB-4692-B0AF-D7516983524E}.Debug|Any CPU.Build.0 = Debug|Any CPU
		{39758DB4-7BCB-4692-B0AF-D7516983524E}.Release|Any CPU.ActiveCfg = Release|Any CPU
		{39758DB4-7BCB-4692-B0AF-D7516983524E}.Release|Any CPU.Build.0 = Release|Any CPU
	EndGlobalSection
	GlobalSection(SolutionProperties) = preSolution
		HideSolutionNode = FALSE
	EndGlobalSection
	GlobalSection(ExtensibilityGlobals) = postSolution
		SolutionGuid = {E20583F4-475B-45A0-9540-277398D59EC9}
	EndGlobalSection
EndGlobal
